// !$*UTF8*$!
{
	archiveVersion = 1;
	classes = {
	};
	objectVersion = 46;
	objects = {

/* Begin PBXBuildFile section */
		1426236E1D313441003A1C9E /* PhotoCollectionViewCell.swift in Sources */ = {isa = PBXBuildFile; fileRef = 1426236D1D313441003A1C9E /* PhotoCollectionViewCell.swift */; };
		142623781D3161C2003A1C9E /* New York City Marathon.gpx in Resources */ = {isa = PBXBuildFile; fileRef = 142623761D3161C2003A1C9E /* New York City Marathon.gpx */; };
		1426237A1D316A0C003A1C9E /* Config.swift in Sources */ = {isa = PBXBuildFile; fileRef = 142623791D316A0C003A1C9E /* Config.swift */; };
		1426237E1D319D34003A1C9E /* PanoramioClient.swift in Sources */ = {isa = PBXBuildFile; fileRef = 1426237D1D319D34003A1C9E /* PanoramioClient.swift */; };
		142623821D340EE3003A1C9E /* PhotoStream.swift in Sources */ = {isa = PBXBuildFile; fileRef = 142623811D340EE3003A1C9E /* PhotoStream.swift */; };
		1435EDFF1D3123EF001AB2A7 /* AppDelegate.swift in Sources */ = {isa = PBXBuildFile; fileRef = 1435EDFE1D3123EF001AB2A7 /* AppDelegate.swift */; };
		1435EE011D3123EF001AB2A7 /* PhotoStreamViewController.swift in Sources */ = {isa = PBXBuildFile; fileRef = 1435EE001D3123EF001AB2A7 /* PhotoStreamViewController.swift */; };
		1435EE041D3123EF001AB2A7 /* Main.storyboard in Resources */ = {isa = PBXBuildFile; fileRef = 1435EE021D3123EF001AB2A7 /* Main.storyboard */; };
		1435EE061D3123EF001AB2A7 /* Assets.xcassets in Resources */ = {isa = PBXBuildFile; fileRef = 1435EE051D3123EF001AB2A7 /* Assets.xcassets */; };
		1435EE091D3123EF001AB2A7 /* LaunchScreen.storyboard in Resources */ = {isa = PBXBuildFile; fileRef = 1435EE071D3123EF001AB2A7 /* LaunchScreen.storyboard */; };
		1435EE141D3123EF001AB2A7 /* PanoramioPhotoStreamTests.swift in Sources */ = {isa = PBXBuildFile; fileRef = 1435EE131D3123EF001AB2A7 /* PanoramioPhotoStreamTests.swift */; };
		1435EE1F1D3123EF001AB2A7 /* PanoramioPhotoStreamUITests.swift in Sources */ = {isa = PBXBuildFile; fileRef = 1435EE1E1D3123EF001AB2A7 /* PanoramioPhotoStreamUITests.swift */; };
		14406C9F1D357A180083A8F7 /* ImageCache.swift in Sources */ = {isa = PBXBuildFile; fileRef = 14406C9E1D357A180083A8F7 /* ImageCache.swift */; };
/* End PBXBuildFile section */

/* Begin PBXContainerItemProxy section */
		1435EE101D3123EF001AB2A7 /* PBXContainerItemProxy */ = {
			isa = PBXContainerItemProxy;
			containerPortal = 1435EDF31D3123EF001AB2A7 /* Project object */;
			proxyType = 1;
			remoteGlobalIDString = 1435EDFA1D3123EF001AB2A7;
			remoteInfo = PanoramioPhotoStream;
		};
		1435EE1B1D3123EF001AB2A7 /* PBXContainerItemProxy */ = {
			isa = PBXContainerItemProxy;
			containerPortal = 1435EDF31D3123EF001AB2A7 /* Project object */;
			proxyType = 1;
			remoteGlobalIDString = 1435EDFA1D3123EF001AB2A7;
			remoteInfo = PanoramioPhotoStream;
		};
/* End PBXContainerItemProxy section */

/* Begin PBXFileReference section */
		1426236D1D313441003A1C9E /* PhotoCollectionViewCell.swift */ = {isa = PBXFileReference; fileEncoding = 4; lastKnownFileType = sourcecode.swift; path = PhotoCollectionViewCell.swift; sourceTree = "<group>"; };
		142623761D3161C2003A1C9E /* New York City Marathon.gpx */ = {isa = PBXFileReference; fileEncoding = 4; lastKnownFileType = text; path = "New York City Marathon.gpx"; sourceTree = "<group>"; };
		142623791D316A0C003A1C9E /* Config.swift */ = {isa = PBXFileReference; fileEncoding = 4; lastKnownFileType = sourcecode.swift; path = Config.swift; sourceTree = "<group>"; };
		1426237D1D319D34003A1C9E /* PanoramioClient.swift */ = {isa = PBXFileReference; fileEncoding = 4; lastKnownFileType = sourcecode.swift; path = PanoramioClient.swift; sourceTree = "<group>"; };
		142623811D340EE3003A1C9E /* PhotoStream.swift */ = {isa = PBXFileReference; fileEncoding = 4; lastKnownFileType = sourcecode.swift; path = PhotoStream.swift; sourceTree = "<group>"; };
		1435EDFB1D3123EF001AB2A7 /* PanoramioPhotoStream.app */ = {isa = PBXFileReference; explicitFileType = wrapper.application; includeInIndex = 0; path = PanoramioPhotoStream.app; sourceTree = BUILT_PRODUCTS_DIR; };
		1435EDFE1D3123EF001AB2A7 /* AppDelegate.swift */ = {isa = PBXFileReference; lastKnownFileType = sourcecode.swift; path = AppDelegate.swift; sourceTree = "<group>"; };
		1435EE001D3123EF001AB2A7 /* PhotoStreamViewController.swift */ = {isa = PBXFileReference; lastKnownFileType = sourcecode.swift; path = PhotoStreamViewController.swift; sourceTree = "<group>"; };
		1435EE031D3123EF001AB2A7 /* Base */ = {isa = PBXFileReference; lastKnownFileType = file.storyboard; name = Base; path = Base.lproj/Main.storyboard; sourceTree = "<group>"; };
		1435EE051D3123EF001AB2A7 /* Assets.xcassets */ = {isa = PBXFileReference; lastKnownFileType = folder.assetcatalog; path = Assets.xcassets; sourceTree = "<group>"; };
		1435EE081D3123EF001AB2A7 /* Base */ = {isa = PBXFileReference; lastKnownFileType = file.storyboard; name = Base; path = Base.lproj/LaunchScreen.storyboard; sourceTree = "<group>"; };
		1435EE0A1D3123EF001AB2A7 /* Info.plist */ = {isa = PBXFileReference; lastKnownFileType = text.plist.xml; path = Info.plist; sourceTree = "<group>"; };
		1435EE0F1D3123EF001AB2A7 /* PanoramioPhotoStreamTests.xctest */ = {isa = PBXFileReference; explicitFileType = wrapper.cfbundle; includeInIndex = 0; path = PanoramioPhotoStreamTests.xctest; sourceTree = BUILT_PRODUCTS_DIR; };
		1435EE131D3123EF001AB2A7 /* PanoramioPhotoStreamTests.swift */ = {isa = PBXFileReference; lastKnownFileType = sourcecode.swift; path = PanoramioPhotoStreamTests.swift; sourceTree = "<group>"; };
		1435EE151D3123EF001AB2A7 /* Info.plist */ = {isa = PBXFileReference; lastKnownFileType = text.plist.xml; path = Info.plist; sourceTree = "<group>"; };
		1435EE1A1D3123EF001AB2A7 /* PanoramioPhotoStreamUITests.xctest */ = {isa = PBXFileReference; explicitFileType = wrapper.cfbundle; includeInIndex = 0; path = PanoramioPhotoStreamUITests.xctest; sourceTree = BUILT_PRODUCTS_DIR; };
		1435EE1E1D3123EF001AB2A7 /* PanoramioPhotoStreamUITests.swift */ = {isa = PBXFileReference; lastKnownFileType = sourcecode.swift; path = PanoramioPhotoStreamUITests.swift; sourceTree = "<group>"; };
		1435EE201D3123EF001AB2A7 /* Info.plist */ = {isa = PBXFileReference; lastKnownFileType = text.plist.xml; path = Info.plist; sourceTree = "<group>"; };
		14406C9E1D357A180083A8F7 /* ImageCache.swift */ = {isa = PBXFileReference; fileEncoding = 4; lastKnownFileType = sourcecode.swift; path = ImageCache.swift; sourceTree = "<group>"; };
/* End PBXFileReference section */

/* Begin PBXFrameworksBuildPhase section */
		1435EDF81D3123EF001AB2A7 /* Frameworks */ = {
			isa = PBXFrameworksBuildPhase;
			buildActionMask = 2147483647;
			files = (
			);
			runOnlyForDeploymentPostprocessing = 0;
		};
		1435EE0C1D3123EF001AB2A7 /* Frameworks */ = {
			isa = PBXFrameworksBuildPhase;
			buildActionMask = 2147483647;
			files = (
			);
			runOnlyForDeploymentPostprocessing = 0;
		};
		1435EE171D3123EF001AB2A7 /* Frameworks */ = {
			isa = PBXFrameworksBuildPhase;
			buildActionMask = 2147483647;
			files = (
			);
			runOnlyForDeploymentPostprocessing = 0;
		};
/* End PBXFrameworksBuildPhase section */

/* Begin PBXGroup section */
		1435EDF21D3123EF001AB2A7 = {
			isa = PBXGroup;
			children = (
				142623761D3161C2003A1C9E /* New York City Marathon.gpx */,
				1435EDFD1D3123EF001AB2A7 /* PanoramioPhotoStream */,
				1435EE121D3123EF001AB2A7 /* PanoramioPhotoStreamTests */,
				1435EE1D1D3123EF001AB2A7 /* PanoramioPhotoStreamUITests */,
				1435EDFC1D3123EF001AB2A7 /* Products */,
			);
			sourceTree = "<group>";
		};
		1435EDFC1D3123EF001AB2A7 /* Products */ = {
			isa = PBXGroup;
			children = (
				1435EDFB1D3123EF001AB2A7 /* PanoramioPhotoStream.app */,
				1435EE0F1D3123EF001AB2A7 /* PanoramioPhotoStreamTests.xctest */,
				1435EE1A1D3123EF001AB2A7 /* PanoramioPhotoStreamUITests.xctest */,
			);
			name = Products;
			sourceTree = "<group>";
		};
		1435EDFD1D3123EF001AB2A7 /* PanoramioPhotoStream */ = {
			isa = PBXGroup;
			children = (
				14406CA01D35CC230083A8F7 /* Controllers */,
				14406CA11D35CC3E0083A8F7 /* Views */,
				14406CA21D35CC4C0083A8F7 /* Models */,
				14406CA31D35CC690083A8F7 /* Configuration */,
				14406CA41D35CC860083A8F7 /* Interface Builder */,
				1435EE051D3123EF001AB2A7 /* Assets.xcassets */,
				1435EE0A1D3123EF001AB2A7 /* Info.plist */,
			);
			path = PanoramioPhotoStream;
			sourceTree = "<group>";
		};
		1435EE121D3123EF001AB2A7 /* PanoramioPhotoStreamTests */ = {
			isa = PBXGroup;
			children = (
				1435EE131D3123EF001AB2A7 /* PanoramioPhotoStreamTests.swift */,
				1435EE151D3123EF001AB2A7 /* Info.plist */,
			);
			path = PanoramioPhotoStreamTests;
			sourceTree = "<group>";
		};
		1435EE1D1D3123EF001AB2A7 /* PanoramioPhotoStreamUITests */ = {
			isa = PBXGroup;
			children = (
				1435EE1E1D3123EF001AB2A7 /* PanoramioPhotoStreamUITests.swift */,
				1435EE201D3123EF001AB2A7 /* Info.plist */,
			);
			path = PanoramioPhotoStreamUITests;
			sourceTree = "<group>";
		};
		14406CA01D35CC230083A8F7 /* Controllers */ = {
			isa = PBXGroup;
			children = (
				1435EDFE1D3123EF001AB2A7 /* AppDelegate.swift */,
				1435EE001D3123EF001AB2A7 /* PhotoStreamViewController.swift */,
			);
			name = Controllers;
			sourceTree = "<group>";
		};
		14406CA11D35CC3E0083A8F7 /* Views */ = {
			isa = PBXGroup;
			children = (
				1426236D1D313441003A1C9E /* PhotoCollectionViewCell.swift */,
			);
			name = Views;
			sourceTree = "<group>";
		};
		14406CA21D35CC4C0083A8F7 /* Models */ = {
			isa = PBXGroup;
			children = (
				1426237D1D319D34003A1C9E /* PanoramioClient.swift */,
				142623811D340EE3003A1C9E /* PhotoStream.swift */,
				14406C9E1D357A180083A8F7 /* ImageCache.swift */,
			);
			name = Models;
			sourceTree = "<group>";
		};
		14406CA31D35CC690083A8F7 /* Configuration */ = {
			isa = PBXGroup;
			children = (
				142623791D316A0C003A1C9E /* Config.swift */,
			);
			name = Configuration;
			sourceTree = "<group>";
		};
		14406CA41D35CC860083A8F7 /* Interface Builder */ = {
			isa = PBXGroup;
			children = (
				1435EE071D3123EF001AB2A7 /* LaunchScreen.storyboard */,
				1435EE021D3123EF001AB2A7 /* Main.storyboard */,
			);
			name = "Interface Builder";
			sourceTree = "<group>";
		};
/* End PBXGroup section */

/* Begin PBXNativeTarget section */
		1435EDFA1D3123EF001AB2A7 /* PanoramioPhotoStream */ = {
			isa = PBXNativeTarget;
			buildConfigurationList = 1435EE231D3123EF001AB2A7 /* Build configuration list for PBXNativeTarget "PanoramioPhotoStream" */;
			buildPhases = (
				1435EDF71D3123EF001AB2A7 /* Sources */,
				1435EDF81D3123EF001AB2A7 /* Frameworks */,
				1435EDF91D3123EF001AB2A7 /* Resources */,
			);
			buildRules = (
			);
			dependencies = (
			);
			name = PanoramioPhotoStream;
			productName = PanoramioPhotoStream;
			productReference = 1435EDFB1D3123EF001AB2A7 /* PanoramioPhotoStream.app */;
			productType = "com.apple.product-type.application";
		};
		1435EE0E1D3123EF001AB2A7 /* PanoramioPhotoStreamTests */ = {
			isa = PBXNativeTarget;
			buildConfigurationList = 1435EE261D3123EF001AB2A7 /* Build configuration list for PBXNativeTarget "PanoramioPhotoStreamTests" */;
			buildPhases = (
				1435EE0B1D3123EF001AB2A7 /* Sources */,
				1435EE0C1D3123EF001AB2A7 /* Frameworks */,
				1435EE0D1D3123EF001AB2A7 /* Resources */,
			);
			buildRules = (
			);
			dependencies = (
				1435EE111D3123EF001AB2A7 /* PBXTargetDependency */,
			);
			name = PanoramioPhotoStreamTests;
			productName = PanoramioPhotoStreamTests;
			productReference = 1435EE0F1D3123EF001AB2A7 /* PanoramioPhotoStreamTests.xctest */;
			productType = "com.apple.product-type.bundle.unit-test";
		};
		1435EE191D3123EF001AB2A7 /* PanoramioPhotoStreamUITests */ = {
			isa = PBXNativeTarget;
			buildConfigurationList = 1435EE291D3123EF001AB2A7 /* Build configuration list for PBXNativeTarget "PanoramioPhotoStreamUITests" */;
			buildPhases = (
				1435EE161D3123EF001AB2A7 /* Sources */,
				1435EE171D3123EF001AB2A7 /* Frameworks */,
				1435EE181D3123EF001AB2A7 /* Resources */,
			);
			buildRules = (
			);
			dependencies = (
				1435EE1C1D3123EF001AB2A7 /* PBXTargetDependency */,
			);
			name = PanoramioPhotoStreamUITests;
			productName = PanoramioPhotoStreamUITests;
			productReference = 1435EE1A1D3123EF001AB2A7 /* PanoramioPhotoStreamUITests.xctest */;
			productType = "com.apple.product-type.bundle.ui-testing";
		};
/* End PBXNativeTarget section */

/* Begin PBXProject section */
		1435EDF31D3123EF001AB2A7 /* Project object */ = {
			isa = PBXProject;
			attributes = {
				LastSwiftUpdateCheck = 0730;
				LastUpgradeCheck = 0730;
				ORGANIZATIONNAME = antfarm;
				TargetAttributes = {
					1435EDFA1D3123EF001AB2A7 = {
						CreatedOnToolsVersion = 7.3.1;
						DevelopmentTeam = NC55XYQH45;
						SystemCapabilities = {
							com.apple.BackgroundModes = {
								enabled = 1;
							};
						};
					};
					1435EE0E1D3123EF001AB2A7 = {
						CreatedOnToolsVersion = 7.3.1;
						DevelopmentTeam = NC55XYQH45;
						TestTargetID = 1435EDFA1D3123EF001AB2A7;
					};
					1435EE191D3123EF001AB2A7 = {
						CreatedOnToolsVersion = 7.3.1;
						DevelopmentTeam = NC55XYQH45;
						TestTargetID = 1435EDFA1D3123EF001AB2A7;
					};
				};
			};
			buildConfigurationList = 1435EDF61D3123EF001AB2A7 /* Build configuration list for PBXProject "PanoramioPhotoStream" */;
			compatibilityVersion = "Xcode 3.2";
			developmentRegion = English;
			hasScannedForEncodings = 0;
			knownRegions = (
				en,
				Base,
			);
			mainGroup = 1435EDF21D3123EF001AB2A7;
			productRefGroup = 1435EDFC1D3123EF001AB2A7 /* Products */;
			projectDirPath = "";
			projectRoot = "";
			targets = (
				1435EDFA1D3123EF001AB2A7 /* PanoramioPhotoStream */,
				1435EE0E1D3123EF001AB2A7 /* PanoramioPhotoStreamTests */,
				1435EE191D3123EF001AB2A7 /* PanoramioPhotoStreamUITests */,
			);
		};
/* End PBXProject section */

/* Begin PBXResourcesBuildPhase section */
		1435EDF91D3123EF001AB2A7 /* Resources */ = {
			isa = PBXResourcesBuildPhase;
			buildActionMask = 2147483647;
			files = (
				1435EE091D3123EF001AB2A7 /* LaunchScreen.storyboard in Resources */,
				1435EE061D3123EF001AB2A7 /* Assets.xcassets in Resources */,
				1435EE041D3123EF001AB2A7 /* Main.storyboard in Resources */,
				142623781D3161C2003A1C9E /* New York City Marathon.gpx in Resources */,
			);
			runOnlyForDeploymentPostprocessing = 0;
		};
		1435EE0D1D3123EF001AB2A7 /* Resources */ = {
			isa = PBXResourcesBuildPhase;
			buildActionMask = 2147483647;
			files = (
			);
			runOnlyForDeploymentPostprocessing = 0;
		};
		1435EE181D3123EF001AB2A7 /* Resources */ = {
			isa = PBXResourcesBuildPhase;
			buildActionMask = 2147483647;
			files = (
			);
			runOnlyForDeploymentPostprocessing = 0;
		};
/* End PBXResourcesBuildPhase section */

/* Begin PBXSourcesBuildPhase section */
		1435EDF71D3123EF001AB2A7 /* Sources */ = {
			isa = PBXSourcesBuildPhase;
			buildActionMask = 2147483647;
			files = (
				1435EE011D3123EF001AB2A7 /* PhotoStreamViewController.swift in Sources */,
				1435EDFF1D3123EF001AB2A7 /* AppDelegate.swift in Sources */,
				1426237A1D316A0C003A1C9E /* Config.swift in Sources */,
				1426237E1D319D34003A1C9E /* PanoramioClient.swift in Sources */,
				142623821D340EE3003A1C9E /* PhotoStream.swift in Sources */,
				14406C9F1D357A180083A8F7 /* ImageCache.swift in Sources */,
				1426236E1D313441003A1C9E /* PhotoCollectionViewCell.swift in Sources */,
			);
			runOnlyForDeploymentPostprocessing = 0;
		};
		1435EE0B1D3123EF001AB2A7 /* Sources */ = {
			isa = PBXSourcesBuildPhase;
			buildActionMask = 2147483647;
			files = (
				1435EE141D3123EF001AB2A7 /* PanoramioPhotoStreamTests.swift in Sources */,
			);
			runOnlyForDeploymentPostprocessing = 0;
		};
		1435EE161D3123EF001AB2A7 /* Sources */ = {
			isa = PBXSourcesBuildPhase;
			buildActionMask = 2147483647;
			files = (
				1435EE1F1D3123EF001AB2A7 /* PanoramioPhotoStreamUITests.swift in Sources */,
			);
			runOnlyForDeploymentPostprocessing = 0;
		};
/* End PBXSourcesBuildPhase section */

/* Begin PBXTargetDependency section */
		1435EE111D3123EF001AB2A7 /* PBXTargetDependency */ = {
			isa = PBXTargetDependency;
			target = 1435EDFA1D3123EF001AB2A7 /* PanoramioPhotoStream */;
			targetProxy = 1435EE101D3123EF001AB2A7 /* PBXContainerItemProxy */;
		};
		1435EE1C1D3123EF001AB2A7 /* PBXTargetDependency */ = {
			isa = PBXTargetDependency;
			target = 1435EDFA1D3123EF001AB2A7 /* PanoramioPhotoStream */;
			targetProxy = 1435EE1B1D3123EF001AB2A7 /* PBXContainerItemProxy */;
		};
/* End PBXTargetDependency section */

/* Begin PBXVariantGroup section */
		1435EE021D3123EF001AB2A7 /* Main.storyboard */ = {
			isa = PBXVariantGroup;
			children = (
				1435EE031D3123EF001AB2A7 /* Base */,
			);
			name = Main.storyboard;
			sourceTree = "<group>";
		};
		1435EE071D3123EF001AB2A7 /* LaunchScreen.storyboard */ = {
			isa = PBXVariantGroup;
			children = (
				1435EE081D3123EF001AB2A7 /* Base */,
			);
			name = LaunchScreen.storyboard;
			sourceTree = "<group>";
		};
/* End PBXVariantGroup section */

/* Begin XCBuildConfiguration section */
		1435EE211D3123EF001AB2A7 /* Debug */ = {
			isa = XCBuildConfiguration;
			buildSettings = {
				ALWAYS_SEARCH_USER_PATHS = NO;
				CLANG_ANALYZER_NONNULL = YES;
				CLANG_CXX_LANGUAGE_STANDARD = "gnu++0x";
				CLANG_CXX_LIBRARY = "libc++";
				CLANG_ENABLE_MODULES = YES;
				CLANG_ENABLE_OBJC_ARC = YES;
				CLANG_WARN_BOOL_CONVERSION = YES;
				CLANG_WARN_CONSTANT_CONVERSION = YES;
				CLANG_WARN_DIRECT_OBJC_ISA_USAGE = YES_ERROR;
				CLANG_WARN_EMPTY_BODY = YES;
				CLANG_WARN_ENUM_CONVERSION = YES;
				CLANG_WARN_INT_CONVERSION = YES;
				CLANG_WARN_OBJC_ROOT_CLASS = YES_ERROR;
				CLANG_WARN_UNREACHABLE_CODE = YES;
				CLANG_WARN__DUPLICATE_METHOD_MATCH = YES;
				"CODE_SIGN_IDENTITY[sdk=iphoneos*]" = "iPhone Developer";
				COPY_PHASE_STRIP = NO;
				DEBUG_INFORMATION_FORMAT = dwarf;
				ENABLE_STRICT_OBJC_MSGSEND = YES;
				ENABLE_TESTABILITY = YES;
				GCC_C_LANGUAGE_STANDARD = gnu99;
				GCC_DYNAMIC_NO_PIC = NO;
				GCC_NO_COMMON_BLOCKS = YES;
				GCC_OPTIMIZATION_LEVEL = 0;
				GCC_PREPROCESSOR_DEFINITIONS = (
					"DEBUG=1",
					"$(inherited)",
				);
				GCC_WARN_64_TO_32_BIT_CONVERSION = YES;
				GCC_WARN_ABOUT_RETURN_TYPE = YES_ERROR;
				GCC_WARN_UNDECLARED_SELECTOR = YES;
				GCC_WARN_UNINITIALIZED_AUTOS = YES_AGGRESSIVE;
				GCC_WARN_UNUSED_FUNCTION = YES;
				GCC_WARN_UNUSED_VARIABLE = YES;
				IPHONEOS_DEPLOYMENT_TARGET = 9.3;
				MTL_ENABLE_DEBUG_INFO = YES;
				ONLY_ACTIVE_ARCH = YES;
				SDKROOT = iphoneos;
				SWIFT_OPTIMIZATION_LEVEL = "-Onone";
			};
			name = Debug;
		};
		1435EE221D3123EF001AB2A7 /* Release */ = {
			isa = XCBuildConfiguration;
			buildSettings = {
				ALWAYS_SEARCH_USER_PATHS = NO;
				CLANG_ANALYZER_NONNULL = YES;
				CLANG_CXX_LANGUAGE_STANDARD = "gnu++0x";
				CLANG_CXX_LIBRARY = "libc++";
				CLANG_ENABLE_MODULES = YES;
				CLANG_ENABLE_OBJC_ARC = YES;
				CLANG_WARN_BOOL_CONVERSION = YES;
				CLANG_WARN_CONSTANT_CONVERSION = YES;
				CLANG_WARN_DIRECT_OBJC_ISA_USAGE = YES_ERROR;
				CLANG_WARN_EMPTY_BODY = YES;
				CLANG_WARN_ENUM_CONVERSION = YES;
				CLANG_WARN_INT_CONVERSION = YES;
				CLANG_WARN_OBJC_ROOT_CLASS = YES_ERROR;
				CLANG_WARN_UNREACHABLE_CODE = YES;
				CLANG_WARN__DUPLICATE_METHOD_MATCH = YES;
				"CODE_SIGN_IDENTITY[sdk=iphoneos*]" = "iPhone Developer";
				COPY_PHASE_STRIP = NO;
				DEBUG_INFORMATION_FORMAT = "dwarf-with-dsym";
				ENABLE_NS_ASSERTIONS = NO;
				ENABLE_STRICT_OBJC_MSGSEND = YES;
				GCC_C_LANGUAGE_STANDARD = gnu99;
				GCC_NO_COMMON_BLOCKS = YES;
				GCC_WARN_64_TO_32_BIT_CONVERSION = YES;
				GCC_WARN_ABOUT_RETURN_TYPE = YES_ERROR;
				GCC_WARN_UNDECLARED_SELECTOR = YES;
				GCC_WARN_UNINITIALIZED_AUTOS = YES_AGGRESSIVE;
				GCC_WARN_UNUSED_FUNCTION = YES;
				GCC_WARN_UNUSED_VARIABLE = YES;
				IPHONEOS_DEPLOYMENT_TARGET = 9.3;
				MTL_ENABLE_DEBUG_INFO = NO;
				SDKROOT = iphoneos;
				VALIDATE_PRODUCT = YES;
			};
			name = Release;
		};
		1435EE241D3123EF001AB2A7 /* Debug */ = {
			isa = XCBuildConfiguration;
			buildSettings = {
				ASSETCATALOG_COMPILER_APPICON_NAME = AppIcon;
				INFOPLIST_FILE = PanoramioPhotoStream/Info.plist;
				IPHONEOS_DEPLOYMENT_TARGET = 9.0;
				LD_RUNPATH_SEARCH_PATHS = "$(inherited) @executable_path/Frameworks";
				PRODUCT_BUNDLE_IDENTIFIER = de.antfarm.PanoramioPhotoStream;
				PRODUCT_NAME = "$(TARGET_NAME)";
			};
			name = Debug;
		};
		1435EE251D3123EF001AB2A7 /* Release */ = {
			isa = XCBuildConfiguration;
			buildSettings = {
				ASSETCATALOG_COMPILER_APPICON_NAME = AppIcon;
				INFOPLIST_FILE = PanoramioPhotoStream/Info.plist;
				IPHONEOS_DEPLOYMENT_TARGET = 9.0;
				LD_RUNPATH_SEARCH_PATHS = "$(inherited) @executable_path/Frameworks";
				PRODUCT_BUNDLE_IDENTIFIER = de.antfarm.PanoramioPhotoStream;
				PRODUCT_NAME = "$(TARGET_NAME)";
			};
			name = Release;
		};
		1435EE271D3123EF001AB2A7 /* Debug */ = {
			isa = XCBuildConfiguration;
			buildSettings = {
				BUNDLE_LOADER = "$(TEST_HOST)";
				INFOPLIST_FILE = PanoramioPhotoStreamTests/Info.plist;
				LD_RUNPATH_SEARCH_PATHS = "$(inherited) @executable_path/Frameworks @loader_path/Frameworks";
				PRODUCT_BUNDLE_IDENTIFIER = de.antfarm.PanoramioPhotoStreamTests;
				PRODUCT_NAME = "$(TARGET_NAME)";
				TEST_HOST = "$(BUILT_PRODUCTS_DIR)/PanoramioPhotoStream.app/PanoramioPhotoStream";
			};
			name = Debug;
		};
		1435EE281D3123EF001AB2A7 /* Release */ = {
			isa = XCBuildConfiguration;
			buildSettings = {
				BUNDLE_LOADER = "$(TEST_HOST)";
				INFOPLIST_FILE = PanoramioPhotoStreamTests/Info.plist;
				LD_RUNPATH_SEARCH_PATHS = "$(inherited) @executable_path/Frameworks @loader_path/Frameworks";
				PRODUCT_BUNDLE_IDENTIFIER = de.antfarm.PanoramioPhotoStreamTests;
				PRODUCT_NAME = "$(TARGET_NAME)";
				TEST_HOST = "$(BUILT_PRODUCTS_DIR)/PanoramioPhotoStream.app/PanoramioPhotoStream";
			};
			name = Release;
		};
		1435EE2A1D3123EF001AB2A7 /* Debug */ = {
			isa = XCBuildConfiguration;
			buildSettings = {
				INFOPLIST_FILE = PanoramioPhotoStreamUITests/Info.plist;
				LD_RUNPATH_SEARCH_PATHS = "$(inherited) @executable_path/Frameworks @loader_path/Frameworks";
				PRODUCT_BUNDLE_IDENTIFIER = de.antfarm.PanoramioPhotoStreamUITests;
				PRODUCT_NAME = "$(TARGET_NAME)";
				TEST_TARGET_NAME = PanoramioPhotoStream;
			};
			name = Debug;
		};
		1435EE2B1D3123EF001AB2A7 /* Release */ = {
			isa = XCBuildConfiguration;
			buildSettings = {
				INFOPLIST_FILE = PanoramioPhotoStreamUITests/Info.plist;
				LD_RUNPATH_SEARCH_PATHS = "$(inherited) @executable_path/Frameworks @loader_path/Frameworks";
				PRODUCT_BUNDLE_IDENTIFIER = de.antfarm.PanoramioPhotoStreamUITests;
				PRODUCT_NAME = "$(TARGET_NAME)";
				TEST_TARGET_NAME = PanoramioPhotoStream;
			};
			name = Release;
		};
/* End XCBuildConfiguration section */

/* Begin XCConfigurationList section */
		1435EDF61D3123EF001AB2A7 /* Build configuration list for PBXProject "PanoramioPhotoStream" */ = {
			isa = XCConfigurationList;
			buildConfigurations = (
				1435EE211D3123EF001AB2A7 /* Debug */,
				1435EE221D3123EF001AB2A7 /* Release */,
			);
			defaultConfigurationIsVisible = 0;
			defaultConfigurationName = Release;
		};
		1435EE231D3123EF001AB2A7 /* Build configuration list for PBXNativeTarget "PanoramioPhotoStream" */ = {
			isa = XCConfigurationList;
			buildConfigurations = (
				1435EE241D3123EF001AB2A7 /* Debug */,
				1435EE251D3123EF001AB2A7 /* Release */,
			);
			defaultConfigurationIsVisible = 0;
			defaultConfigurationName = Release;
		};
		1435EE261D3123EF001AB2A7 /* Build configuration list for PBXNativeTarget "PanoramioPhotoStreamTests" */ = {
			isa = XCConfigurationList;
			buildConfigurations = (
				1435EE271D3123EF001AB2A7 /* Debug */,
				1435EE281D3123EF001AB2A7 /* Release */,
			);
			defaultConfigurationIsVisible = 0;
			defaultConfigurationName = Release;
		};
		1435EE291D3123EF001AB2A7 /* Build configuration list for PBXNativeTarget "PanoramioPhotoStreamUITests" */ = {
			isa = XCConfigurationList;
			buildConfigurations = (
				1435EE2A1D3123EF001AB2A7 /* Debug */,
				1435EE2B1D3123EF001AB2A7 /* Release */,
			);
			defaultConfigurationIsVisible = 0;
			defaultConfigurationName = Release;
		};
/* End XCConfigurationList section */
	};
	rootObject = 1435EDF31D3123EF001AB2A7 /* Project object */;
}
